// !$*UTF8*$!
{
	archiveVersion = 1;
	classes = {
	};
	objectVersion = 50;
	objects = {

/* Begin PBXBuildFile section */
		838499E62282D66100A35D3A /* AppDelegate.swift in Sources */ = {isa = PBXBuildFile; fileRef = 838499E52282D66100A35D3A /* AppDelegate.swift */; };
		838499E82282D66100A35D3A /* ViewController.swift in Sources */ = {isa = PBXBuildFile; fileRef = 838499E72282D66100A35D3A /* ViewController.swift */; };
		838499ED2282D66200A35D3A /* Assets.xcassets in Resources */ = {isa = PBXBuildFile; fileRef = 838499EC2282D66200A35D3A /* Assets.xcassets */; };
		838499F02282D66200A35D3A /* LaunchScreen.storyboard in Resources */ = {isa = PBXBuildFile; fileRef = 838499EE2282D66200A35D3A /* LaunchScreen.storyboard */; };
		838499FA2282D79200A35D3A /* neoutils.framework in Frameworks */ = {isa = PBXBuildFile; fileRef = 838499F72282D79200A35D3A /* neoutils.framework */; };
		83849A052282DBDC00A35D3A /* Constant.swift in Sources */ = {isa = PBXBuildFile; fileRef = 83849A042282DBDC00A35D3A /* Constant.swift */; };
		83849A072282E29900A35D3A /* UIColor+Extension.swift in Sources */ = {isa = PBXBuildFile; fileRef = 83849A062282E29900A35D3A /* UIColor+Extension.swift */; };
		83849E332285249200A35D3A /* DappbirdsSDK.framework in Frameworks */ = {isa = PBXBuildFile; fileRef = 83849E312285249200A35D3A /* DappbirdsSDK.framework */; };
		83849E342285249200A35D3A /* DappbirdsBundle.bundle in Resources */ = {isa = PBXBuildFile; fileRef = 83849E322285249200A35D3A /* DappbirdsBundle.bundle */; };
		90DE3C46208BF4FF8509F13A /* Pods_DappbirdsSDKDemoSwift.framework in Frameworks */ = {isa = PBXBuildFile; fileRef = 0171F7167CD5B28D97FE1DF3 /* Pods_DappbirdsSDKDemoSwift.framework */; };
/* End PBXBuildFile section */

/* Begin PBXFileReference section */
		0171F7167CD5B28D97FE1DF3 /* Pods_DappbirdsSDKDemoSwift.framework */ = {isa = PBXFileReference; explicitFileType = wrapper.framework; includeInIndex = 0; path = Pods_DappbirdsSDKDemoSwift.framework; sourceTree = BUILT_PRODUCTS_DIR; };
		18B77A7C8B68A512555ADDCF /* Pods-DappbirdsSDKDemoSwift.release.xcconfig */ = {isa = PBXFileReference; includeInIndex = 1; lastKnownFileType = text.xcconfig; name = "Pods-DappbirdsSDKDemoSwift.release.xcconfig"; path = "Pods/Target Support Files/Pods-DappbirdsSDKDemoSwift/Pods-DappbirdsSDKDemoSwift.release.xcconfig"; sourceTree = "<group>"; };
		346F5613C1FD3598417DAA4E /* Pods-DappbirdsSDKDemoSwift.debug.xcconfig */ = {isa = PBXFileReference; includeInIndex = 1; lastKnownFileType = text.xcconfig; name = "Pods-DappbirdsSDKDemoSwift.debug.xcconfig"; path = "Pods/Target Support Files/Pods-DappbirdsSDKDemoSwift/Pods-DappbirdsSDKDemoSwift.debug.xcconfig"; sourceTree = "<group>"; };
		838499E22282D66100A35D3A /* DappbirdsSDKDemoSwift.app */ = {isa = PBXFileReference; explicitFileType = wrapper.application; includeInIndex = 0; path = DappbirdsSDKDemoSwift.app; sourceTree = BUILT_PRODUCTS_DIR; };
		838499E52282D66100A35D3A /* AppDelegate.swift */ = {isa = PBXFileReference; lastKnownFileType = sourcecode.swift; path = AppDelegate.swift; sourceTree = "<group>"; };
		838499E72282D66100A35D3A /* ViewController.swift */ = {isa = PBXFileReference; lastKnownFileType = sourcecode.swift; path = ViewController.swift; sourceTree = "<group>"; };
		838499EC2282D66200A35D3A /* Assets.xcassets */ = {isa = PBXFileReference; lastKnownFileType = folder.assetcatalog; path = Assets.xcassets; sourceTree = "<group>"; };
		838499EF2282D66200A35D3A /* Base */ = {isa = PBXFileReference; lastKnownFileType = file.storyboard; name = Base; path = Base.lproj/LaunchScreen.storyboard; sourceTree = "<group>"; };
		838499F12282D66200A35D3A /* Info.plist */ = {isa = PBXFileReference; lastKnownFileType = text.plist.xml; path = Info.plist; sourceTree = "<group>"; };
		838499F72282D79200A35D3A /* neoutils.framework */ = {isa = PBXFileReference; lastKnownFileType = wrapper.framework; path = neoutils.framework; sourceTree = "<group>"; };
		838499FD2282D7C000A35D3A /* DappbirdsSDKDemoSwift-Bridging-Header.h */ = {isa = PBXFileReference; lastKnownFileType = sourcecode.c.h; path = "DappbirdsSDKDemoSwift-Bridging-Header.h"; sourceTree = "<group>"; };
		83849A042282DBDC00A35D3A /* Constant.swift */ = {isa = PBXFileReference; lastKnownFileType = sourcecode.swift; path = Constant.swift; sourceTree = "<group>"; };
		83849A062282E29900A35D3A /* UIColor+Extension.swift */ = {isa = PBXFileReference; lastKnownFileType = sourcecode.swift; path = "UIColor+Extension.swift"; sourceTree = "<group>"; };
		83849E312285249200A35D3A /* DappbirdsSDK.framework */ = {isa = PBXFileReference; lastKnownFileType = wrapper.framework; path = DappbirdsSDK.framework; sourceTree = "<group>"; };
		83849E322285249200A35D3A /* DappbirdsBundle.bundle */ = {isa = PBXFileReference; lastKnownFileType = "wrapper.plug-in"; path = DappbirdsBundle.bundle; sourceTree = "<group>"; };
/* End PBXFileReference section */

/* Begin PBXFrameworksBuildPhase section */
		838499DF2282D66100A35D3A /* Frameworks */ = {
			isa = PBXFrameworksBuildPhase;
			buildActionMask = 2147483647;
			files = (
				83849E332285249200A35D3A /* DappbirdsSDK.framework in Frameworks */,
				838499FA2282D79200A35D3A /* neoutils.framework in Frameworks */,
				90DE3C46208BF4FF8509F13A /* Pods_DappbirdsSDKDemoSwift.framework in Frameworks */,
			);
			runOnlyForDeploymentPostprocessing = 0;
		};
/* End PBXFrameworksBuildPhase section */

/* Begin PBXGroup section */
		2408BBABF7A30474BCFB9BA3 /* Frameworks */ = {
			isa = PBXGroup;
			children = (
				0171F7167CD5B28D97FE1DF3 /* Pods_DappbirdsSDKDemoSwift.framework */,
			);
			name = Frameworks;
			sourceTree = "<group>";
		};
		838499D92282D66100A35D3A = {
			isa = PBXGroup;
			children = (
				838499E42282D66100A35D3A /* DappbirdsSDKDemoSwift */,
				838499E32282D66100A35D3A /* Products */,
				BD85AC1417FDEF73A69D7C4D /* Pods */,
				2408BBABF7A30474BCFB9BA3 /* Frameworks */,
			);
			sourceTree = "<group>";
		};
		838499E32282D66100A35D3A /* Products */ = {
			isa = PBXGroup;
			children = (
				838499E22282D66100A35D3A /* DappbirdsSDKDemoSwift.app */,
			);
			name = Products;
			sourceTree = "<group>";
		};
		838499E42282D66100A35D3A /* DappbirdsSDKDemoSwift */ = {
			isa = PBXGroup;
			children = (
				83849E322285249200A35D3A /* DappbirdsBundle.bundle */,
				83849E312285249200A35D3A /* DappbirdsSDK.framework */,
				838499F72282D79200A35D3A /* neoutils.framework */,
				838499E52282D66100A35D3A /* AppDelegate.swift */,
				83849A042282DBDC00A35D3A /* Constant.swift */,
				838499E72282D66100A35D3A /* ViewController.swift */,
				83849A062282E29900A35D3A /* UIColor+Extension.swift */,
				838499EC2282D66200A35D3A /* Assets.xcassets */,
				838499EE2282D66200A35D3A /* LaunchScreen.storyboard */,
				838499F12282D66200A35D3A /* Info.plist */,
				838499FD2282D7C000A35D3A /* DappbirdsSDKDemoSwift-Bridging-Header.h */,
			);
			path = DappbirdsSDKDemoSwift;
			sourceTree = "<group>";
		};
		BD85AC1417FDEF73A69D7C4D /* Pods */ = {
			isa = PBXGroup;
			children = (
				346F5613C1FD3598417DAA4E /* Pods-DappbirdsSDKDemoSwift.debug.xcconfig */,
				18B77A7C8B68A512555ADDCF /* Pods-DappbirdsSDKDemoSwift.release.xcconfig */,
			);
			name = Pods;
			sourceTree = "<group>";
		};
/* End PBXGroup section */

/* Begin PBXNativeTarget section */
		838499E12282D66100A35D3A /* DappbirdsSDKDemoSwift */ = {
			isa = PBXNativeTarget;
			buildConfigurationList = 838499F42282D66200A35D3A /* Build configuration list for PBXNativeTarget "DappbirdsSDKDemoSwift" */;
			buildPhases = (
				CB3BB812C9440DB32D5B7013 /* [CP] Check Pods Manifest.lock */,
				838499DE2282D66100A35D3A /* Sources */,
				838499DF2282D66100A35D3A /* Frameworks */,
				838499E02282D66100A35D3A /* Resources */,
				033FC532422ECA21F1330F45 /* [CP] Embed Pods Frameworks */,
			);
			buildRules = (
			);
			dependencies = (
			);
			name = DappbirdsSDKDemoSwift;
			productName = DappbirdsSDKDemoSwift;
			productReference = 838499E22282D66100A35D3A /* DappbirdsSDKDemoSwift.app */;
			productType = "com.apple.product-type.application";
		};
/* End PBXNativeTarget section */

/* Begin PBXProject section */
		838499DA2282D66100A35D3A /* Project object */ = {
			isa = PBXProject;
			attributes = {
				LastSwiftUpdateCheck = 1020;
				LastUpgradeCheck = 1020;
				ORGANIZATIONNAME = com.blockchain.dappbirdssdk;
				TargetAttributes = {
					838499E12282D66100A35D3A = {
						CreatedOnToolsVersion = 10.2;
						LastSwiftMigration = 1020;
					};
				};
			};
			buildConfigurationList = 838499DD2282D66100A35D3A /* Build configuration list for PBXProject "DappbirdsSDKDemoSwift" */;
			compatibilityVersion = "Xcode 9.3";
			developmentRegion = en;
			hasScannedForEncodings = 0;
			knownRegions = (
				en,
				Base,
			);
			mainGroup = 838499D92282D66100A35D3A;
			productRefGroup = 838499E32282D66100A35D3A /* Products */;
			projectDirPath = "";
			projectRoot = "";
			targets = (
				838499E12282D66100A35D3A /* DappbirdsSDKDemoSwift */,
			);
		};
/* End PBXProject section */

/* Begin PBXResourcesBuildPhase section */
		838499E02282D66100A35D3A /* Resources */ = {
			isa = PBXResourcesBuildPhase;
			buildActionMask = 2147483647;
			files = (
				838499F02282D66200A35D3A /* LaunchScreen.storyboard in Resources */,
				83849E342285249200A35D3A /* DappbirdsBundle.bundle in Resources */,
				838499ED2282D66200A35D3A /* Assets.xcassets in Resources */,
			);
			runOnlyForDeploymentPostprocessing = 0;
		};
/* End PBXResourcesBuildPhase section */

/* Begin PBXShellScriptBuildPhase section */
		033FC532422ECA21F1330F45 /* [CP] Embed Pods Frameworks */ = {
			isa = PBXShellScriptBuildPhase;
			buildActionMask = 2147483647;
			files = (
			);
			inputPaths = (
				"${SRCROOT}/Pods/Target Support Files/Pods-DappbirdsSDKDemoSwift/Pods-DappbirdsSDKDemoSwift-frameworks.sh",
				"${BUILT_PRODUCTS_DIR}/AFNetworking/AFNetworking.framework",
				"${BUILT_PRODUCTS_DIR}/MJExtension/MJExtension.framework",
				"${BUILT_PRODUCTS_DIR}/MJRefresh/MJRefresh.framework",
			);
			name = "[CP] Embed Pods Frameworks";
			outputPaths = (
				"${TARGET_BUILD_DIR}/${FRAMEWORKS_FOLDER_PATH}/AFNetworking.framework",
				"${TARGET_BUILD_DIR}/${FRAMEWORKS_FOLDER_PATH}/MJExtension.framework",
				"${TARGET_BUILD_DIR}/${FRAMEWORKS_FOLDER_PATH}/MJRefresh.framework",
			);
			runOnlyForDeploymentPostprocessing = 0;
			shellPath = /bin/sh;
			shellScript = "\"${SRCROOT}/Pods/Target Support Files/Pods-DappbirdsSDKDemoSwift/Pods-DappbirdsSDKDemoSwift-frameworks.sh\"\n";
			showEnvVarsInLog = 0;
		};
		CB3BB812C9440DB32D5B7013 /* [CP] Check Pods Manifest.lock */ = {
			isa = PBXShellScriptBuildPhase;
			buildActionMask = 2147483647;
			files = (
			);
			inputPaths = (
				"${PODS_PODFILE_DIR_PATH}/Podfile.lock",
				"${PODS_ROOT}/Manifest.lock",
			);
			name = "[CP] Check Pods Manifest.lock";
			outputPaths = (
				"$(DERIVED_FILE_DIR)/Pods-DappbirdsSDKDemoSwift-checkManifestLockResult.txt",
			);
			runOnlyForDeploymentPostprocessing = 0;
			shellPath = /bin/sh;
			shellScript = "diff \"${PODS_PODFILE_DIR_PATH}/Podfile.lock\" \"${PODS_ROOT}/Manifest.lock\" > /dev/null\nif [ $? != 0 ] ; then\n    # print error to STDERR\n    echo \"error: The sandbox is not in sync with the Podfile.lock. Run 'pod install' or update your CocoaPods installation.\" >&2\n    exit 1\nfi\n# This output is used by Xcode 'outputs' to avoid re-running this script phase.\necho \"SUCCESS\" > \"${SCRIPT_OUTPUT_FILE_0}\"\n";
			showEnvVarsInLog = 0;
		};
/* End PBXShellScriptBuildPhase section */

/* Begin PBXSourcesBuildPhase section */
		838499DE2282D66100A35D3A /* Sources */ = {
			isa = PBXSourcesBuildPhase;
			buildActionMask = 2147483647;
			files = (
				838499E82282D66100A35D3A /* ViewController.swift in Sources */,
				838499E62282D66100A35D3A /* AppDelegate.swift in Sources */,
				83849A052282DBDC00A35D3A /* Constant.swift in Sources */,
				83849A072282E29900A35D3A /* UIColor+Extension.swift in Sources */,
			);
			runOnlyForDeploymentPostprocessing = 0;
		};
/* End PBXSourcesBuildPhase section */

/* Begin PBXVariantGroup section */
		838499EE2282D66200A35D3A /* LaunchScreen.storyboard */ = {
			isa = PBXVariantGroup;
			children = (
				838499EF2282D66200A35D3A /* Base */,
			);
			name = LaunchScreen.storyboard;
			sourceTree = "<group>";
		};
/* End PBXVariantGroup section */

/* Begin XCBuildConfiguration section */
		838499F22282D66200A35D3A /* Debug */ = {
			isa = XCBuildConfiguration;
			buildSettings = {
				ALWAYS_SEARCH_USER_PATHS = NO;
				CLANG_ANALYZER_NONNULL = YES;
				CLANG_ANALYZER_NUMBER_OBJECT_CONVERSION = YES_AGGRESSIVE;
				CLANG_CXX_LANGUAGE_STANDARD = "gnu++14";
				CLANG_CXX_LIBRARY = "libc++";
				CLANG_ENABLE_MODULES = YES;
				CLANG_ENABLE_OBJC_ARC = YES;
				CLANG_ENABLE_OBJC_WEAK = YES;
				CLANG_WARN_BLOCK_CAPTURE_AUTORELEASING = YES;
				CLANG_WARN_BOOL_CONVERSION = YES;
				CLANG_WARN_COMMA = YES;
				CLANG_WARN_CONSTANT_CONVERSION = YES;
				CLANG_WARN_DEPRECATED_OBJC_IMPLEMENTATIONS = YES;
				CLANG_WARN_DIRECT_OBJC_ISA_USAGE = YES_ERROR;
				CLANG_WARN_DOCUMENTATION_COMMENTS = YES;
				CLANG_WARN_EMPTY_BODY = YES;
				CLANG_WARN_ENUM_CONVERSION = YES;
				CLANG_WARN_INFINITE_RECURSION = YES;
				CLANG_WARN_INT_CONVERSION = YES;
				CLANG_WARN_NON_LITERAL_NULL_CONVERSION = YES;
				CLANG_WARN_OBJC_IMPLICIT_RETAIN_SELF = YES;
				CLANG_WARN_OBJC_LITERAL_CONVERSION = YES;
				CLANG_WARN_OBJC_ROOT_CLASS = YES_ERROR;
				CLANG_WARN_RANGE_LOOP_ANALYSIS = YES;
				CLANG_WARN_STRICT_PROTOTYPES = YES;
				CLANG_WARN_SUSPICIOUS_MOVE = YES;
				CLANG_WARN_UNGUARDED_AVAILABILITY = YES_AGGRESSIVE;
				CLANG_WARN_UNREACHABLE_CODE = YES;
				CLANG_WARN__DUPLICATE_METHOD_MATCH = YES;
				CODE_SIGN_IDENTITY = "iPhone Developer";
				COPY_PHASE_STRIP = NO;
				DEBUG_INFORMATION_FORMAT = dwarf;
				ENABLE_STRICT_OBJC_MSGSEND = YES;
				ENABLE_TESTABILITY = YES;
				GCC_C_LANGUAGE_STANDARD = gnu11;
				GCC_DYNAMIC_NO_PIC = NO;
				GCC_NO_COMMON_BLOCKS = YES;
				GCC_OPTIMIZATION_LEVEL = 0;
				GCC_PREPROCESSOR_DEFINITIONS = (
					"DEBUG=1",
					"$(inherited)",
				);
				GCC_WARN_64_TO_32_BIT_CONVERSION = YES;
				GCC_WARN_ABOUT_RETURN_TYPE = YES_ERROR;
				GCC_WARN_UNDECLARED_SELECTOR = YES;
				GCC_WARN_UNINITIALIZED_AUTOS = YES_AGGRESSIVE;
				GCC_WARN_UNUSED_FUNCTION = YES;
				GCC_WARN_UNUSED_VARIABLE = YES;
				IPHONEOS_DEPLOYMENT_TARGET = 12.2;
				MTL_ENABLE_DEBUG_INFO = INCLUDE_SOURCE;
				MTL_FAST_MATH = YES;
				ONLY_ACTIVE_ARCH = YES;
				SDKROOT = iphoneos;
				SWIFT_ACTIVE_COMPILATION_CONDITIONS = DEBUG;
				SWIFT_OPTIMIZATION_LEVEL = "-Onone";
			};
			name = Debug;
		};
		838499F32282D66200A35D3A /* Release */ = {
			isa = XCBuildConfiguration;
			buildSettings = {
				ALWAYS_SEARCH_USER_PATHS = NO;
				CLANG_ANALYZER_NONNULL = YES;
				CLANG_ANALYZER_NUMBER_OBJECT_CONVERSION = YES_AGGRESSIVE;
				CLANG_CXX_LANGUAGE_STANDARD = "gnu++14";
				CLANG_CXX_LIBRARY = "libc++";
				CLANG_ENABLE_MODULES = YES;
				CLANG_ENABLE_OBJC_ARC = YES;
				CLANG_ENABLE_OBJC_WEAK = YES;
				CLANG_WARN_BLOCK_CAPTURE_AUTORELEASING = YES;
				CLANG_WARN_BOOL_CONVERSION = YES;
				CLANG_WARN_COMMA = YES;
				CLANG_WARN_CONSTANT_CONVERSION = YES;
				CLANG_WARN_DEPRECATED_OBJC_IMPLEMENTATIONS = YES;
				CLANG_WARN_DIRECT_OBJC_ISA_USAGE = YES_ERROR;
				CLANG_WARN_DOCUMENTATION_COMMENTS = YES;
				CLANG_WARN_EMPTY_BODY = YES;
				CLANG_WARN_ENUM_CONVERSION = YES;
				CLANG_WARN_INFINITE_RECURSION = YES;
				CLANG_WARN_INT_CONVERSION = YES;
				CLANG_WARN_NON_LITERAL_NULL_CONVERSION = YES;
				CLANG_WARN_OBJC_IMPLICIT_RETAIN_SELF = YES;
				CLANG_WARN_OBJC_LITERAL_CONVERSION = YES;
				CLANG_WARN_OBJC_ROOT_CLASS = YES_ERROR;
				CLANG_WARN_RANGE_LOOP_ANALYSIS = YES;
				CLANG_WARN_STRICT_PROTOTYPES = YES;
				CLANG_WARN_SUSPICIOUS_MOVE = YES;
				CLANG_WARN_UNGUARDED_AVAILABILITY = YES_AGGRESSIVE;
				CLANG_WARN_UNREACHABLE_CODE = YES;
				CLANG_WARN__DUPLICATE_METHOD_MATCH = YES;
				CODE_SIGN_IDENTITY = "iPhone Developer";
				COPY_PHASE_STRIP = NO;
				DEBUG_INFORMATION_FORMAT = "dwarf-with-dsym";
				ENABLE_NS_ASSERTIONS = NO;
				ENABLE_STRICT_OBJC_MSGSEND = YES;
				GCC_C_LANGUAGE_STANDARD = gnu11;
				GCC_NO_COMMON_BLOCKS = YES;
				GCC_WARN_64_TO_32_BIT_CONVERSION = YES;
				GCC_WARN_ABOUT_RETURN_TYPE = YES_ERROR;
				GCC_WARN_UNDECLARED_SELECTOR = YES;
				GCC_WARN_UNINITIALIZED_AUTOS = YES_AGGRESSIVE;
				GCC_WARN_UNUSED_FUNCTION = YES;
				GCC_WARN_UNUSED_VARIABLE = YES;
				IPHONEOS_DEPLOYMENT_TARGET = 12.2;
				MTL_ENABLE_DEBUG_INFO = NO;
				MTL_FAST_MATH = YES;
				SDKROOT = iphoneos;
				SWIFT_COMPILATION_MODE = wholemodule;
				SWIFT_OPTIMIZATION_LEVEL = "-O";
				VALIDATE_PRODUCT = YES;
			};
			name = Release;
		};
		838499F52282D66200A35D3A /* Debug */ = {
			isa = XCBuildConfiguration;
			baseConfigurationReference = 346F5613C1FD3598417DAA4E /* Pods-DappbirdsSDKDemoSwift.debug.xcconfig */;
			buildSettings = {
				ASSETCATALOG_COMPILER_APPICON_NAME = AppIcon;
				CLANG_ENABLE_MODULES = YES;
				CODE_SIGN_STYLE = Automatic;
				DEVELOPMENT_TEAM = Y62D39756G;
				ENABLE_BITCODE = NO;
				FRAMEWORK_SEARCH_PATHS = (
					"$(inherited)",
					"$(PROJECT_DIR)/DappbirdsSDKDemoSwift",
					"$(PROJECT_DIR)",
				);
				INFOPLIST_FILE = DappbirdsSDKDemoSwift/Info.plist;
				IPHONEOS_DEPLOYMENT_TARGET = 8.0;
				LD_RUNPATH_SEARCH_PATHS = (
					"$(inherited)",
					"@executable_path/Frameworks",
				);
				OTHER_LDFLAGS = (
					"$(inherited)",
					"-framework",
					"\"AFNetworking\"",
					"-framework",
					"\"MJExtension\"",
					"-framework",
					"\"MJRefresh\"",
					"-ObjC",
				);
				PRODUCT_BUNDLE_IDENTIFIER = com.blockchain.dappbirdssdk.DappbirdsSDKDemoSwift;
				PRODUCT_NAME = "$(TARGET_NAME)";
				SWIFT_OBJC_BRIDGING_HEADER = "DappbirdsSDKDemoSwift/DappbirdsSDKDemoSwift-Bridging-Header.h";
				SWIFT_OPTIMIZATION_LEVEL = "-Onone";
				SWIFT_VERSION = 5.0;
				TARGETED_DEVICE_FAMILY = "1,2";
			};
			name = Debug;
		};
		838499F62282D66200A35D3A /* Release */ = {
			isa = XCBuildConfiguration;
			baseConfigurationReference = 18B77A7C8B68A512555ADDCF /* Pods-DappbirdsSDKDemoSwift.release.xcconfig */;
			buildSettings = {
				ASSETCATALOG_COMPILER_APPICON_NAME = AppIcon;
				CLANG_ENABLE_MODULES = YES;
				CODE_SIGN_STYLE = Automatic;
				DEVELOPMENT_TEAM = Y62D39756G;
				ENABLE_BITCODE = NO;
				FRAMEWORK_SEARCH_PATHS = (
					"$(inherited)",
					"$(PROJECT_DIR)/DappbirdsSDKDemoSwift",
					"$(PROJECT_DIR)",
				);
				INFOPLIST_FILE = DappbirdsSDKDemoSwift/Info.plist;
				IPHONEOS_DEPLOYMENT_TARGET = 8.0;
				LD_RUNPATH_SEARCH_PATHS = (
					"$(inherited)",
					"@executable_path/Frameworks",
				);
				OTHER_LDFLAGS = (
					"$(inherited)",
					"-framework",
					"\"AFNetworking\"",
					"-framework",
					"\"MJExtension\"",
					"-framework",
					"\"MJRefresh\"",
					"-ObjC",
				);
				PRODUCT_BUNDLE_IDENTIFIER = com.blockchain.dappbirdssdk.DappbirdsSDKDemoSwift;
				PRODUCT_NAME = "$(TARGET_NAME)";
				SWIFT_OBJC_BRIDGING_HEADER = "DappbirdsSDKDemoSwift/DappbirdsSDKDemoSwift-Bridging-Header.h";
				SWIFT_VERSION = 5.0;
				TARGETED_DEVICE_FAMILY = "1,2";
			};
			name = Release;
		};
/* End XCBuildConfiguration section */

/* Begin XCConfigurationList section */
		838499DD2282D66100A35D3A /* Build configuration list for PBXProject "DappbirdsSDKDemoSwift" */ = {
			isa = XCConfigurationList;
			buildConfigurations = (
				838499F22282D66200A35D3A /* Debug */,
				838499F32282D66200A35D3A /* Release */,
			);
			defaultConfigurationIsVisible = 0;
			defaultConfigurationName = Release;
		};
		838499F42282D66200A35D3A /* Build configuration list for PBXNativeTarget "DappbirdsSDKDemoSwift" */ = {
			isa = XCConfigurationList;
			buildConfigurations = (
				838499F52282D66200A35D3A /* Debug */,
				838499F62282D66200A35D3A /* Release */,
			);
			defaultConfigurationIsVisible = 0;
			defaultConfigurationName = Release;
		};
/* End XCConfigurationList section */
	};
	rootObject = 838499DA2282D66100A35D3A /* Project object */;
}
